
Microsoft Visual Studio Solution File, Format Version 12.00
# Visual Studio Version 17
VisualStudioVersion = 17.1.32210.238
MinimumVisualStudioVersion = 10.0.40219.1
Project("{FAE04EC0-301F-11D3-BF4B-00C04F79EFBC}") = "EntityFrameworkKnowleadge.ConsoleApp", "EntityFrameworkKnowleadge.ConsoleApp\EntityFrameworkKnowleadge.ConsoleApp.csproj", "{1FAA36C8-3776-4758-AD63-2A46D51BA207}"
EndProject
Project("{FAE04EC0-301F-11D3-BF4B-00C04F79EFBC}") = "EntityFrameworkKnowleadge.Data", "EntityFrameworkKnowleadge.Data\EntityFrameworkKnowleadge.Data.csproj", "{6AC05B0F-D922-4BE0-8C83-3335B925D85C}"
EndProject
Project("{FAE04EC0-301F-11D3-BF4B-00C04F79EFBC}") = "EntityFrameworkKnowleadge.Domain", "EntityFrameworkKnowleadge.Domain\EntityFrameworkKnowleadge.Domain.csproj", "{8A97AFB8-570C-4F6E-B38B-D5EE43947B96}"
EndProject
Global
	GlobalSection(SolutionConfigurationPlatforms) = preSolution
		Debug|Any CPU = Debug|Any CPU
		Release|Any CPU = Release|Any CPU
	EndGlobalSection
	GlobalSection(ProjectConfigurationPlatforms) = postSolution
		{1FAA36C8-3776-4758-AD63-2A46D51BA207}.Debug|Any CPU.ActiveCfg = Debug|Any CPU
		{1FAA36C8-3776-4758-AD63-2A46D51BA207}.Debug|Any CPU.Build.0 = Debug|Any CPU
		{1FAA36C8-3776-4758-AD63-2A46D51BA207}.Release|Any CPU.ActiveCfg = Release|Any CPU
		{1FAA36C8-3776-4758-AD63-2A46D51BA207}.Release|Any CPU.Build.0 = Release|Any CPU
		{6AC05B0F-D922-4BE0-8C83-3335B925D85C}.Debug|Any CPU.ActiveCfg = Debug|Any CPU
		{6AC05B0F-D922-4BE0-8C83-3335B925D85C}.Debug|Any CPU.Build.0 = Debug|Any CPU
		{6AC05B0F-D922-4BE0-8C83-3335B925D85C}.Release|Any CPU.ActiveCfg = Release|Any CPU
		{6AC05B0F-D922-4BE0-8C83-3335B925D85C}.Release|Any CPU.Build.0 = Release|Any CPU
		{8A97AFB8-570C-4F6E-B38B-D5EE43947B96}.Debug|Any CPU.ActiveCfg = Debug|Any CPU
		{8A97AFB8-570C-4F6E-B38B-D5EE43947B96}.Debug|Any CPU.Build.0 = Debug|Any CPU
		{8A97AFB8-570C-4F6E-B38B-D5EE43947B96}.Release|Any CPU.ActiveCfg = Release|Any CPU
		{8A97AFB8-570C-4F6E-B38B-D5EE43947B96}.Release|Any CPU.Build.0 = Release|Any CPU
	EndGlobalSection
	GlobalSection(SolutionProperties) = preSolution
		HideSolutionNode = FALSE
	EndGlobalSection
	GlobalSection(ExtensibilityGlobals) = postSolution
		SolutionGuid = {CBF35103-5E23-47AB-8FD8-82C7681F1258}
	EndGlobalSection
EndGlobal
